// !$*UTF8*$!
{
	archiveVersion = 1;
	classes = {
	};
	objectVersion = 50;
	objects = {

/* Begin PBXBuildFile section */
		05061EEB215A17AE004D21AE /* CardView.swift in Sources */ = {isa = PBXBuildFile; fileRef = 05061EEA215A17AE004D21AE /* CardView.swift */; };
		0568BA762153A99B006437D6 /* StyleFont.swift in Sources */ = {isa = PBXBuildFile; fileRef = 0568BA752153A99B006437D6 /* StyleFont.swift */; };
		0568BA7F2153C8D4006437D6 /* Font-Awesome.otf in Resources */ = {isa = PBXBuildFile; fileRef = 0568BA7E2153C8C4006437D6 /* Font-Awesome.otf */; };
		0568BA812153C9F5006437D6 /* Font-Awesome-5-Free-Solid-900.otf in Resources */ = {isa = PBXBuildFile; fileRef = 0568BA802153C9EE006437D6 /* Font-Awesome-5-Free-Solid-900.otf */; };
		0568BA832153D2B1006437D6 /* BaseViewController.swift in Sources */ = {isa = PBXBuildFile; fileRef = 0568BA822153D2B1006437D6 /* BaseViewController.swift */; };
		0568BA852153D54F006437D6 /* CardViewController.swift in Sources */ = {isa = PBXBuildFile; fileRef = 0568BA842153D54F006437D6 /* CardViewController.swift */; };
		2596DFBF9BD38E713223B333 /* Pods_AutoLayoutDemoTests.framework in Frameworks */ = {isa = PBXBuildFile; fileRef = 29A467F61B659C1DAA184B52 /* Pods_AutoLayoutDemoTests.framework */; };
		BFB26020533DD5C67A23EA5E /* Pods_AutoLayoutDemoUITests.framework in Frameworks */ = {isa = PBXBuildFile; fileRef = 5960225A0C68A4BC586D1088 /* Pods_AutoLayoutDemoUITests.framework */; };
		E1216A58E57E439825E35495 /* Pods_AutoLayoutDemo.framework in Frameworks */ = {isa = PBXBuildFile; fileRef = 85E40BBE6C2538D6F714AF40 /* Pods_AutoLayoutDemo.framework */; };
		EA2F67CE2153675D005964AE /* AppDelegate.swift in Sources */ = {isa = PBXBuildFile; fileRef = EA2F67CD2153675D005964AE /* AppDelegate.swift */; };
		EA2F67D02153675D005964AE /* ViewController.swift in Sources */ = {isa = PBXBuildFile; fileRef = EA2F67CF2153675D005964AE /* ViewController.swift */; };
		EA2F67D32153675D005964AE /* Main.storyboard in Resources */ = {isa = PBXBuildFile; fileRef = EA2F67D12153675D005964AE /* Main.storyboard */; };
		EA2F67D52153675F005964AE /* Assets.xcassets in Resources */ = {isa = PBXBuildFile; fileRef = EA2F67D42153675F005964AE /* Assets.xcassets */; };
		EA2F67D82153675F005964AE /* LaunchScreen.storyboard in Resources */ = {isa = PBXBuildFile; fileRef = EA2F67D62153675F005964AE /* LaunchScreen.storyboard */; };
		EA2F67E32153675F005964AE /* AutoLayoutDemoTests.swift in Sources */ = {isa = PBXBuildFile; fileRef = EA2F67E22153675F005964AE /* AutoLayoutDemoTests.swift */; };
		EA2F67EE2153675F005964AE /* AutoLayoutDemoUITests.swift in Sources */ = {isa = PBXBuildFile; fileRef = EA2F67ED2153675F005964AE /* AutoLayoutDemoUITests.swift */; };
		EADE01A521536DC30003A1DC /* StyleSheet.swift in Sources */ = {isa = PBXBuildFile; fileRef = EADE01A421536DC30003A1DC /* StyleSheet.swift */; };
/* End PBXBuildFile section */

/* Begin PBXContainerItemProxy section */
		EA2F67DF2153675F005964AE /* PBXContainerItemProxy */ = {
			isa = PBXContainerItemProxy;
			containerPortal = EA2F67C22153675D005964AE /* Project object */;
			proxyType = 1;
			remoteGlobalIDString = EA2F67C92153675D005964AE;
			remoteInfo = AutoLayoutDemo;
		};
		EA2F67EA2153675F005964AE /* PBXContainerItemProxy */ = {
			isa = PBXContainerItemProxy;
			containerPortal = EA2F67C22153675D005964AE /* Project object */;
			proxyType = 1;
			remoteGlobalIDString = EA2F67C92153675D005964AE;
			remoteInfo = AutoLayoutDemo;
		};
/* End PBXContainerItemProxy section */

/* Begin PBXFileReference section */
		05061EEA215A17AE004D21AE /* CardView.swift */ = {isa = PBXFileReference; lastKnownFileType = sourcecode.swift; path = CardView.swift; sourceTree = "<group>"; };
		0568BA752153A99B006437D6 /* StyleFont.swift */ = {isa = PBXFileReference; lastKnownFileType = sourcecode.swift; path = StyleFont.swift; sourceTree = "<group>"; };
		0568BA7E2153C8C4006437D6 /* Font-Awesome.otf */ = {isa = PBXFileReference; lastKnownFileType = file; path = "Font-Awesome.otf"; sourceTree = "<group>"; };
		0568BA802153C9EE006437D6 /* Font-Awesome-5-Free-Solid-900.otf */ = {isa = PBXFileReference; lastKnownFileType = file; path = "Font-Awesome-5-Free-Solid-900.otf"; sourceTree = "<group>"; };
		0568BA822153D2B1006437D6 /* BaseViewController.swift */ = {isa = PBXFileReference; lastKnownFileType = sourcecode.swift; path = BaseViewController.swift; sourceTree = "<group>"; };
		0568BA842153D54F006437D6 /* CardViewController.swift */ = {isa = PBXFileReference; lastKnownFileType = sourcecode.swift; path = CardViewController.swift; sourceTree = "<group>"; };
		22E2E0D2B60201442C857C2D /* Pods-AutoLayoutDemo.release.xcconfig */ = {isa = PBXFileReference; includeInIndex = 1; lastKnownFileType = text.xcconfig; name = "Pods-AutoLayoutDemo.release.xcconfig"; path = "Pods/Target Support Files/Pods-AutoLayoutDemo/Pods-AutoLayoutDemo.release.xcconfig"; sourceTree = "<group>"; };
		29A467F61B659C1DAA184B52 /* Pods_AutoLayoutDemoTests.framework */ = {isa = PBXFileReference; explicitFileType = wrapper.framework; includeInIndex = 0; path = Pods_AutoLayoutDemoTests.framework; sourceTree = BUILT_PRODUCTS_DIR; };
		3E7FC46899AD31B65D9E8574 /* Pods-AutoLayoutDemo.debug.xcconfig */ = {isa = PBXFileReference; includeInIndex = 1; lastKnownFileType = text.xcconfig; name = "Pods-AutoLayoutDemo.debug.xcconfig"; path = "Pods/Target Support Files/Pods-AutoLayoutDemo/Pods-AutoLayoutDemo.debug.xcconfig"; sourceTree = "<group>"; };
		5960225A0C68A4BC586D1088 /* Pods_AutoLayoutDemoUITests.framework */ = {isa = PBXFileReference; explicitFileType = wrapper.framework; includeInIndex = 0; path = Pods_AutoLayoutDemoUITests.framework; sourceTree = BUILT_PRODUCTS_DIR; };
		85E40BBE6C2538D6F714AF40 /* Pods_AutoLayoutDemo.framework */ = {isa = PBXFileReference; explicitFileType = wrapper.framework; includeInIndex = 0; path = Pods_AutoLayoutDemo.framework; sourceTree = BUILT_PRODUCTS_DIR; };
		8BAB15111043E94E16F99894 /* Pods-AutoLayoutDemoUITests.debug.xcconfig */ = {isa = PBXFileReference; includeInIndex = 1; lastKnownFileType = text.xcconfig; name = "Pods-AutoLayoutDemoUITests.debug.xcconfig"; path = "Pods/Target Support Files/Pods-AutoLayoutDemoUITests/Pods-AutoLayoutDemoUITests.debug.xcconfig"; sourceTree = "<group>"; };
		8EAA26F73983D1B0E0A08677 /* Pods-AutoLayoutDemoTests.debug.xcconfig */ = {isa = PBXFileReference; includeInIndex = 1; lastKnownFileType = text.xcconfig; name = "Pods-AutoLayoutDemoTests.debug.xcconfig"; path = "Pods/Target Support Files/Pods-AutoLayoutDemoTests/Pods-AutoLayoutDemoTests.debug.xcconfig"; sourceTree = "<group>"; };
		9FC2CA42E452A0658287419C /* Pods-AutoLayoutDemoUITests.release.xcconfig */ = {isa = PBXFileReference; includeInIndex = 1; lastKnownFileType = text.xcconfig; name = "Pods-AutoLayoutDemoUITests.release.xcconfig"; path = "Pods/Target Support Files/Pods-AutoLayoutDemoUITests/Pods-AutoLayoutDemoUITests.release.xcconfig"; sourceTree = "<group>"; };
		C2DF71502393268DA91667C8 /* Pods-AutoLayoutDemoTests.release.xcconfig */ = {isa = PBXFileReference; includeInIndex = 1; lastKnownFileType = text.xcconfig; name = "Pods-AutoLayoutDemoTests.release.xcconfig"; path = "Pods/Target Support Files/Pods-AutoLayoutDemoTests/Pods-AutoLayoutDemoTests.release.xcconfig"; sourceTree = "<group>"; };
		EA2F67CA2153675D005964AE /* AutoLayoutDemo.app */ = {isa = PBXFileReference; explicitFileType = wrapper.application; includeInIndex = 0; path = AutoLayoutDemo.app; sourceTree = BUILT_PRODUCTS_DIR; };
		EA2F67CD2153675D005964AE /* AppDelegate.swift */ = {isa = PBXFileReference; lastKnownFileType = sourcecode.swift; path = AppDelegate.swift; sourceTree = "<group>"; };
		EA2F67CF2153675D005964AE /* ViewController.swift */ = {isa = PBXFileReference; lastKnownFileType = sourcecode.swift; path = ViewController.swift; sourceTree = "<group>"; };
		EA2F67D22153675D005964AE /* Base */ = {isa = PBXFileReference; lastKnownFileType = file.storyboard; name = Base; path = Base.lproj/Main.storyboard; sourceTree = "<group>"; };
		EA2F67D42153675F005964AE /* Assets.xcassets */ = {isa = PBXFileReference; lastKnownFileType = folder.assetcatalog; path = Assets.xcassets; sourceTree = "<group>"; };
		EA2F67D72153675F005964AE /* Base */ = {isa = PBXFileReference; lastKnownFileType = file.storyboard; name = Base; path = Base.lproj/LaunchScreen.storyboard; sourceTree = "<group>"; };
		EA2F67D92153675F005964AE /* Info.plist */ = {isa = PBXFileReference; lastKnownFileType = text.plist.xml; path = Info.plist; sourceTree = "<group>"; };
		EA2F67DE2153675F005964AE /* AutoLayoutDemoTests.xctest */ = {isa = PBXFileReference; explicitFileType = wrapper.cfbundle; includeInIndex = 0; path = AutoLayoutDemoTests.xctest; sourceTree = BUILT_PRODUCTS_DIR; };
		EA2F67E22153675F005964AE /* AutoLayoutDemoTests.swift */ = {isa = PBXFileReference; lastKnownFileType = sourcecode.swift; path = AutoLayoutDemoTests.swift; sourceTree = "<group>"; };
		EA2F67E42153675F005964AE /* Info.plist */ = {isa = PBXFileReference; lastKnownFileType = text.plist.xml; path = Info.plist; sourceTree = "<group>"; };
		EA2F67E92153675F005964AE /* AutoLayoutDemoUITests.xctest */ = {isa = PBXFileReference; explicitFileType = wrapper.cfbundle; includeInIndex = 0; path = AutoLayoutDemoUITests.xctest; sourceTree = BUILT_PRODUCTS_DIR; };
		EA2F67ED2153675F005964AE /* AutoLayoutDemoUITests.swift */ = {isa = PBXFileReference; lastKnownFileType = sourcecode.swift; path = AutoLayoutDemoUITests.swift; sourceTree = "<group>"; };
		EA2F67EF2153675F005964AE /* Info.plist */ = {isa = PBXFileReference; lastKnownFileType = text.plist.xml; path = Info.plist; sourceTree = "<group>"; };
		EADE01A421536DC30003A1DC /* StyleSheet.swift */ = {isa = PBXFileReference; lastKnownFileType = sourcecode.swift; path = StyleSheet.swift; sourceTree = "<group>"; };
/* End PBXFileReference section */

/* Begin PBXFrameworksBuildPhase section */
		EA2F67C72153675D005964AE /* Frameworks */ = {
			isa = PBXFrameworksBuildPhase;
			buildActionMask = 2147483647;
			files = (
				E1216A58E57E439825E35495 /* Pods_AutoLayoutDemo.framework in Frameworks */,
			);
			runOnlyForDeploymentPostprocessing = 0;
		};
		EA2F67DB2153675F005964AE /* Frameworks */ = {
			isa = PBXFrameworksBuildPhase;
			buildActionMask = 2147483647;
			files = (
				2596DFBF9BD38E713223B333 /* Pods_AutoLayoutDemoTests.framework in Frameworks */,
			);
			runOnlyForDeploymentPostprocessing = 0;
		};
		EA2F67E62153675F005964AE /* Frameworks */ = {
			isa = PBXFrameworksBuildPhase;
			buildActionMask = 2147483647;
			files = (
				BFB26020533DD5C67A23EA5E /* Pods_AutoLayoutDemoUITests.framework in Frameworks */,
			);
			runOnlyForDeploymentPostprocessing = 0;
		};
/* End PBXFrameworksBuildPhase section */

/* Begin PBXGroup section */
		621BE97E89C286BF639C668C /* Frameworks */ = {
			isa = PBXGroup;
			children = (
				85E40BBE6C2538D6F714AF40 /* Pods_AutoLayoutDemo.framework */,
				29A467F61B659C1DAA184B52 /* Pods_AutoLayoutDemoTests.framework */,
				5960225A0C68A4BC586D1088 /* Pods_AutoLayoutDemoUITests.framework */,
			);
			name = Frameworks;
			sourceTree = "<group>";
		};
		89A1F8A79A4222B1645A7BDD /* Pods */ = {
			isa = PBXGroup;
			children = (
				3E7FC46899AD31B65D9E8574 /* Pods-AutoLayoutDemo.debug.xcconfig */,
				22E2E0D2B60201442C857C2D /* Pods-AutoLayoutDemo.release.xcconfig */,
				8EAA26F73983D1B0E0A08677 /* Pods-AutoLayoutDemoTests.debug.xcconfig */,
				C2DF71502393268DA91667C8 /* Pods-AutoLayoutDemoTests.release.xcconfig */,
				8BAB15111043E94E16F99894 /* Pods-AutoLayoutDemoUITests.debug.xcconfig */,
				9FC2CA42E452A0658287419C /* Pods-AutoLayoutDemoUITests.release.xcconfig */,
			);
			name = Pods;
			sourceTree = "<group>";
		};
		EA2F67C12153675D005964AE = {
			isa = PBXGroup;
			children = (
				EA2F67CC2153675D005964AE /* AutoLayoutDemo */,
				EA2F67E12153675F005964AE /* AutoLayoutDemoTests */,
				EA2F67EC2153675F005964AE /* AutoLayoutDemoUITests */,
				EA2F67CB2153675D005964AE /* Products */,
				89A1F8A79A4222B1645A7BDD /* Pods */,
				621BE97E89C286BF639C668C /* Frameworks */,
			);
			sourceTree = "<group>";
		};
		EA2F67CB2153675D005964AE /* Products */ = {
			isa = PBXGroup;
			children = (
				EA2F67CA2153675D005964AE /* AutoLayoutDemo.app */,
				EA2F67DE2153675F005964AE /* AutoLayoutDemoTests.xctest */,
				EA2F67E92153675F005964AE /* AutoLayoutDemoUITests.xctest */,
			);
			name = Products;
			sourceTree = "<group>";
		};
		EA2F67CC2153675D005964AE /* AutoLayoutDemo */ = {
			isa = PBXGroup;
			children = (
				EADE01A121536D8F0003A1DC /* Model */,
				EADE01A221536D970003A1DC /* View */,
				EADE01A321536DA30003A1DC /* Controller */,
				EA2F67CD2153675D005964AE /* AppDelegate.swift */,
				0568BA7E2153C8C4006437D6 /* Font-Awesome.otf */,
				0568BA802153C9EE006437D6 /* Font-Awesome-5-Free-Solid-900.otf */,
				EA2F67D12153675D005964AE /* Main.storyboard */,
				EA2F67D42153675F005964AE /* Assets.xcassets */,
				EA2F67D62153675F005964AE /* LaunchScreen.storyboard */,
				EA2F67D92153675F005964AE /* Info.plist */,
			);
			path = AutoLayoutDemo;
			sourceTree = "<group>";
		};
		EA2F67E12153675F005964AE /* AutoLayoutDemoTests */ = {
			isa = PBXGroup;
			children = (
				EA2F67E22153675F005964AE /* AutoLayoutDemoTests.swift */,
				EA2F67E42153675F005964AE /* Info.plist */,
			);
			path = AutoLayoutDemoTests;
			sourceTree = "<group>";
		};
		EA2F67EC2153675F005964AE /* AutoLayoutDemoUITests */ = {
			isa = PBXGroup;
			children = (
				EA2F67ED2153675F005964AE /* AutoLayoutDemoUITests.swift */,
				EA2F67EF2153675F005964AE /* Info.plist */,
			);
			path = AutoLayoutDemoUITests;
			sourceTree = "<group>";
		};
		EADE01A121536D8F0003A1DC /* Model */ = {
			isa = PBXGroup;
			children = (
				EADE01A421536DC30003A1DC /* StyleSheet.swift */,
				0568BA752153A99B006437D6 /* StyleFont.swift */,
			);
			path = Model;
			sourceTree = "<group>";
		};
		EADE01A221536D970003A1DC /* View */ = {
			isa = PBXGroup;
			children = (
				05061EEA215A17AE004D21AE /* CardView.swift */,
			);
			path = View;
			sourceTree = "<group>";
		};
		EADE01A321536DA30003A1DC /* Controller */ = {
			isa = PBXGroup;
			children = (
				0568BA842153D54F006437D6 /* CardViewController.swift */,
				EA2F67CF2153675D005964AE /* ViewController.swift */,
				0568BA822153D2B1006437D6 /* BaseViewController.swift */,
			);
			path = Controller;
			sourceTree = "<group>";
		};
/* End PBXGroup section */

/* Begin PBXNativeTarget section */
		EA2F67C92153675D005964AE /* AutoLayoutDemo */ = {
			isa = PBXNativeTarget;
			buildConfigurationList = EA2F67F22153675F005964AE /* Build configuration list for PBXNativeTarget "AutoLayoutDemo" */;
			buildPhases = (
				24F2F316F88058D6AA182FC8 /* [CP] Check Pods Manifest.lock */,
				EA2F67C62153675D005964AE /* Sources */,
				EA2F67C72153675D005964AE /* Frameworks */,
				EA2F67C82153675D005964AE /* Resources */,
				9B524915A39B29E1EFE0A540 /* [CP] Embed Pods Frameworks */,
			);
			buildRules = (
			);
			dependencies = (
			);
			name = AutoLayoutDemo;
			productName = AutoLayoutDemo;
			productReference = EA2F67CA2153675D005964AE /* AutoLayoutDemo.app */;
			productType = "com.apple.product-type.application";
		};
		EA2F67DD2153675F005964AE /* AutoLayoutDemoTests */ = {
			isa = PBXNativeTarget;
			buildConfigurationList = EA2F67F52153675F005964AE /* Build configuration list for PBXNativeTarget "AutoLayoutDemoTests" */;
			buildPhases = (
				2355AAE1CD92BD4433229AEA /* [CP] Check Pods Manifest.lock */,
				EA2F67DA2153675F005964AE /* Sources */,
				EA2F67DB2153675F005964AE /* Frameworks */,
				EA2F67DC2153675F005964AE /* Resources */,
			);
			buildRules = (
			);
			dependencies = (
				EA2F67E02153675F005964AE /* PBXTargetDependency */,
			);
			name = AutoLayoutDemoTests;
			productName = AutoLayoutDemoTests;
			productReference = EA2F67DE2153675F005964AE /* AutoLayoutDemoTests.xctest */;
			productType = "com.apple.product-type.bundle.unit-test";
		};
		EA2F67E82153675F005964AE /* AutoLayoutDemoUITests */ = {
			isa = PBXNativeTarget;
			buildConfigurationList = EA2F67F82153675F005964AE /* Build configuration list for PBXNativeTarget "AutoLayoutDemoUITests" */;
			buildPhases = (
				1DBAD647ADD892BC6726A056 /* [CP] Check Pods Manifest.lock */,
				EA2F67E52153675F005964AE /* Sources */,
				EA2F67E62153675F005964AE /* Frameworks */,
				EA2F67E72153675F005964AE /* Resources */,
			);
			buildRules = (
			);
			dependencies = (
				EA2F67EB2153675F005964AE /* PBXTargetDependency */,
			);
			name = AutoLayoutDemoUITests;
			productName = AutoLayoutDemoUITests;
			productReference = EA2F67E92153675F005964AE /* AutoLayoutDemoUITests.xctest */;
			productType = "com.apple.product-type.bundle.ui-testing";
		};
/* End PBXNativeTarget section */

/* Begin PBXProject section */
		EA2F67C22153675D005964AE /* Project object */ = {
			isa = PBXProject;
			attributes = {
				LastSwiftUpdateCheck = 1000;
				LastUpgradeCheck = 1000;
				ORGANIZATIONNAME = "Liguo Jiao";
				TargetAttributes = {
					EA2F67C92153675D005964AE = {
						CreatedOnToolsVersion = 10.0;
					};
					EA2F67DD2153675F005964AE = {
						CreatedOnToolsVersion = 10.0;
						TestTargetID = EA2F67C92153675D005964AE;
					};
					EA2F67E82153675F005964AE = {
						CreatedOnToolsVersion = 10.0;
						TestTargetID = EA2F67C92153675D005964AE;
					};
				};
			};
			buildConfigurationList = EA2F67C52153675D005964AE /* Build configuration list for PBXProject "AutoLayoutDemo" */;
			compatibilityVersion = "Xcode 9.3";
			developmentRegion = en;
			hasScannedForEncodings = 0;
			knownRegions = (
				en,
				Base,
			);
			mainGroup = EA2F67C12153675D005964AE;
			productRefGroup = EA2F67CB2153675D005964AE /* Products */;
			projectDirPath = "";
			projectRoot = "";
			targets = (
				EA2F67C92153675D005964AE /* AutoLayoutDemo */,
				EA2F67DD2153675F005964AE /* AutoLayoutDemoTests */,
				EA2F67E82153675F005964AE /* AutoLayoutDemoUITests */,
			);
		};
/* End PBXProject section */

/* Begin PBXResourcesBuildPhase section */
		EA2F67C82153675D005964AE /* Resources */ = {
			isa = PBXResourcesBuildPhase;
			buildActionMask = 2147483647;
			files = (
				0568BA812153C9F5006437D6 /* Font-Awesome-5-Free-Solid-900.otf in Resources */,
				0568BA7F2153C8D4006437D6 /* Font-Awesome.otf in Resources */,
				EA2F67D82153675F005964AE /* LaunchScreen.storyboard in Resources */,
				EA2F67D52153675F005964AE /* Assets.xcassets in Resources */,
				EA2F67D32153675D005964AE /* Main.storyboard in Resources */,
			);
			runOnlyForDeploymentPostprocessing = 0;
		};
		EA2F67DC2153675F005964AE /* Resources */ = {
			isa = PBXResourcesBuildPhase;
			buildActionMask = 2147483647;
			files = (
			);
			runOnlyForDeploymentPostprocessing = 0;
		};
		EA2F67E72153675F005964AE /* Resources */ = {
			isa = PBXResourcesBuildPhase;
			buildActionMask = 2147483647;
			files = (
			);
			runOnlyForDeploymentPostprocessing = 0;
		};
/* End PBXResourcesBuildPhase section */

/* Begin PBXShellScriptBuildPhase section */
		1DBAD647ADD892BC6726A056 /* [CP] Check Pods Manifest.lock */ = {
			isa = PBXShellScriptBuildPhase;
			buildActionMask = 2147483647;
			files = (
			);
			inputFileListPaths = (
			);
			inputPaths = (
				"${PODS_PODFILE_DIR_PATH}/Podfile.lock",
				"${PODS_ROOT}/Manifest.lock",
			);
			name = "[CP] Check Pods Manifest.lock";
			outputFileListPaths = (
			);
			outputPaths = (
				"$(DERIVED_FILE_DIR)/Pods-AutoLayoutDemoUITests-checkManifestLockResult.txt",
			);
			runOnlyForDeploymentPostprocessing = 0;
			shellPath = /bin/sh;
			shellScript = "diff \"${PODS_PODFILE_DIR_PATH}/Podfile.lock\" \"${PODS_ROOT}/Manifest.lock\" > /dev/null\nif [ $? != 0 ] ; then\n    # print error to STDERR\n    echo \"error: The sandbox is not in sync with the Podfile.lock. Run 'pod install' or update your CocoaPods installation.\" >&2\n    exit 1\nfi\n# This output is used by Xcode 'outputs' to avoid re-running this script phase.\necho \"SUCCESS\" > \"${SCRIPT_OUTPUT_FILE_0}\"\n";
			showEnvVarsInLog = 0;
		};
		2355AAE1CD92BD4433229AEA /* [CP] Check Pods Manifest.lock */ = {
			isa = PBXShellScriptBuildPhase;
			buildActionMask = 2147483647;
			files = (
			);
			inputFileListPaths = (
			);
			inputPaths = (
				"${PODS_PODFILE_DIR_PATH}/Podfile.lock",
				"${PODS_ROOT}/Manifest.lock",
			);
			name = "[CP] Check Pods Manifest.lock";
			outputFileListPaths = (
			);
			outputPaths = (
				"$(DERIVED_FILE_DIR)/Pods-AutoLayoutDemoTests-checkManifestLockResult.txt",
			);
			runOnlyForDeploymentPostprocessing = 0;
			shellPath = /bin/sh;
			shellScript = "diff \"${PODS_PODFILE_DIR_PATH}/Podfile.lock\" \"${PODS_ROOT}/Manifest.lock\" > /dev/null\nif [ $? != 0 ] ; then\n    # print error to STDERR\n    echo \"error: The sandbox is not in sync with the Podfile.lock. Run 'pod install' or update your CocoaPods installation.\" >&2\n    exit 1\nfi\n# This output is used by Xcode 'outputs' to avoid re-running this script phase.\necho \"SUCCESS\" > \"${SCRIPT_OUTPUT_FILE_0}\"\n";
			showEnvVarsInLog = 0;
		};
		24F2F316F88058D6AA182FC8 /* [CP] Check Pods Manifest.lock */ = {
			isa = PBXShellScriptBuildPhase;
			buildActionMask = 2147483647;
			files = (
			);
			inputFileListPaths = (
			);
			inputPaths = (
				"${PODS_PODFILE_DIR_PATH}/Podfile.lock",
				"${PODS_ROOT}/Manifest.lock",
			);
			name = "[CP] Check Pods Manifest.lock";
			outputFileListPaths = (
			);
			outputPaths = (
				"$(DERIVED_FILE_DIR)/Pods-AutoLayoutDemo-checkManifestLockResult.txt",
			);
			runOnlyForDeploymentPostprocessing = 0;
			shellPath = /bin/sh;
			shellScript = "diff \"${PODS_PODFILE_DIR_PATH}/Podfile.lock\" \"${PODS_ROOT}/Manifest.lock\" > /dev/null\nif [ $? != 0 ] ; then\n    # print error to STDERR\n    echo \"error: The sandbox is not in sync with the Podfile.lock. Run 'pod install' or update your CocoaPods installation.\" >&2\n    exit 1\nfi\n# This output is used by Xcode 'outputs' to avoid re-running this script phase.\necho \"SUCCESS\" > \"${SCRIPT_OUTPUT_FILE_0}\"\n";
			showEnvVarsInLog = 0;
		};
		9B524915A39B29E1EFE0A540 /* [CP] Embed Pods Frameworks */ = {
			isa = PBXShellScriptBuildPhase;
			buildActionMask = 2147483647;
			files = (
			);
			inputFileListPaths = (
			);
			inputPaths = (
				"${SRCROOT}/Pods/Target Support Files/Pods-AutoLayoutDemo/Pods-AutoLayoutDemo-frameworks.sh",
				"${BUILT_PRODUCTS_DIR}/KeepLayout/KeepLayout.framework",
			);
			name = "[CP] Embed Pods Frameworks";
			outputFileListPaths = (
			);
			outputPaths = (
				"${TARGET_BUILD_DIR}/${FRAMEWORKS_FOLDER_PATH}/KeepLayout.framework",
			);
			runOnlyForDeploymentPostprocessing = 0;
			shellPath = /bin/sh;
			shellScript = "\"${SRCROOT}/Pods/Target Support Files/Pods-AutoLayoutDemo/Pods-AutoLayoutDemo-frameworks.sh\"\n";
			showEnvVarsInLog = 0;
		};
/* End PBXShellScriptBuildPhase section */

/* Begin PBXSourcesBuildPhase section */
		EA2F67C62153675D005964AE /* Sources */ = {
			isa = PBXSourcesBuildPhase;
			buildActionMask = 2147483647;
			files = (
				05061EEB215A17AE004D21AE /* CardView.swift in Sources */,
				0568BA832153D2B1006437D6 /* BaseViewController.swift in Sources */,
				EA2F67D02153675D005964AE /* ViewController.swift in Sources */,
				0568BA852153D54F006437D6 /* CardViewController.swift in Sources */,
				0568BA762153A99B006437D6 /* StyleFont.swift in Sources */,
				EA2F67CE2153675D005964AE /* AppDelegate.swift in Sources */,
				EADE01A521536DC30003A1DC /* StyleSheet.swift in Sources */,
			);
			runOnlyForDeploymentPostprocessing = 0;
		};
		EA2F67DA2153675F005964AE /* Sources */ = {
			isa = PBXSourcesBuildPhase;
			buildActionMask = 2147483647;
			files = (
				EA2F67E32153675F005964AE /* AutoLayoutDemoTests.swift in Sources */,
			);
			runOnlyForDeploymentPostprocessing = 0;
		};
		EA2F67E52153675F005964AE /* Sources */ = {
			isa = PBXSourcesBuildPhase;
			buildActionMask = 2147483647;
			files = (
				EA2F67EE2153675F005964AE /* AutoLayoutDemoUITests.swift in Sources */,
			);
			runOnlyForDeploymentPostprocessing = 0;
		};
/* End PBXSourcesBuildPhase section */

/* Begin PBXTargetDependency section */
		EA2F67E02153675F005964AE /* PBXTargetDependency */ = {
			isa = PBXTargetDependency;
			target = EA2F67C92153675D005964AE /* AutoLayoutDemo */;
			targetProxy = EA2F67DF2153675F005964AE /* PBXContainerItemProxy */;
		};
		EA2F67EB2153675F005964AE /* PBXTargetDependency */ = {
			isa = PBXTargetDependency;
			target = EA2F67C92153675D005964AE /* AutoLayoutDemo */;
			targetProxy = EA2F67EA2153675F005964AE /* PBXContainerItemProxy */;
		};
/* End PBXTargetDependency section */

/* Begin PBXVariantGroup section */
		EA2F67D12153675D005964AE /* Main.storyboard */ = {
			isa = PBXVariantGroup;
			children = (
				EA2F67D22153675D005964AE /* Base */,
			);
			name = Main.storyboard;
			sourceTree = "<group>";
		};
		EA2F67D62153675F005964AE /* LaunchScreen.storyboard */ = {
			isa = PBXVariantGroup;
			children = (
				EA2F67D72153675F005964AE /* Base */,
			);
			name = LaunchScreen.storyboard;
			sourceTree = "<group>";
		};
/* End PBXVariantGroup section */

/* Begin XCBuildConfiguration section */
		EA2F67F02153675F005964AE /* Debug */ = {
			isa = XCBuildConfiguration;
			buildSettings = {
				ALWAYS_SEARCH_USER_PATHS = NO;
				CLANG_ANALYZER_NONNULL = YES;
				CLANG_ANALYZER_NUMBER_OBJECT_CONVERSION = YES_AGGRESSIVE;
				CLANG_CXX_LANGUAGE_STANDARD = "gnu++14";
				CLANG_CXX_LIBRARY = "libc++";
				CLANG_ENABLE_MODULES = YES;
				CLANG_ENABLE_OBJC_ARC = YES;
				CLANG_ENABLE_OBJC_WEAK = YES;
				CLANG_WARN_BLOCK_CAPTURE_AUTORELEASING = YES;
				CLANG_WARN_BOOL_CONVERSION = YES;
				CLANG_WARN_COMMA = YES;
				CLANG_WARN_CONSTANT_CONVERSION = YES;
				CLANG_WARN_DEPRECATED_OBJC_IMPLEMENTATIONS = YES;
				CLANG_WARN_DIRECT_OBJC_ISA_USAGE = YES_ERROR;
				CLANG_WARN_DOCUMENTATION_COMMENTS = YES;
				CLANG_WARN_EMPTY_BODY = YES;
				CLANG_WARN_ENUM_CONVERSION = YES;
				CLANG_WARN_INFINITE_RECURSION = YES;
				CLANG_WARN_INT_CONVERSION = YES;
				CLANG_WARN_NON_LITERAL_NULL_CONVERSION = YES;
				CLANG_WARN_OBJC_IMPLICIT_RETAIN_SELF = YES;
				CLANG_WARN_OBJC_LITERAL_CONVERSION = YES;
				CLANG_WARN_OBJC_ROOT_CLASS = YES_ERROR;
				CLANG_WARN_RANGE_LOOP_ANALYSIS = YES;
				CLANG_WARN_STRICT_PROTOTYPES = YES;
				CLANG_WARN_SUSPICIOUS_MOVE = YES;
				CLANG_WARN_UNGUARDED_AVAILABILITY = YES_AGGRESSIVE;
				CLANG_WARN_UNREACHABLE_CODE = YES;
				CLANG_WARN__DUPLICATE_METHOD_MATCH = YES;
				CODE_SIGN_IDENTITY = "iPhone Developer";
				COPY_PHASE_STRIP = NO;
				DEBUG_INFORMATION_FORMAT = dwarf;
				ENABLE_STRICT_OBJC_MSGSEND = YES;
				ENABLE_TESTABILITY = YES;
				GCC_C_LANGUAGE_STANDARD = gnu11;
				GCC_DYNAMIC_NO_PIC = NO;
				GCC_NO_COMMON_BLOCKS = YES;
				GCC_OPTIMIZATION_LEVEL = 0;
				GCC_PREPROCESSOR_DEFINITIONS = (
					"DEBUG=1",
					"$(inherited)",
				);
				GCC_WARN_64_TO_32_BIT_CONVERSION = YES;
				GCC_WARN_ABOUT_RETURN_TYPE = YES_ERROR;
				GCC_WARN_UNDECLARED_SELECTOR = YES;
				GCC_WARN_UNINITIALIZED_AUTOS = YES_AGGRESSIVE;
				GCC_WARN_UNUSED_FUNCTION = YES;
				GCC_WARN_UNUSED_VARIABLE = YES;
				IPHONEOS_DEPLOYMENT_TARGET = 12.0;
				MTL_ENABLE_DEBUG_INFO = INCLUDE_SOURCE;
				MTL_FAST_MATH = YES;
				ONLY_ACTIVE_ARCH = YES;
				SDKROOT = iphoneos;
				SWIFT_ACTIVE_COMPILATION_CONDITIONS = DEBUG;
				SWIFT_OPTIMIZATION_LEVEL = "-Onone";
			};
			name = Debug;
		};
		EA2F67F12153675F005964AE /* Release */ = {
			isa = XCBuildConfiguration;
			buildSettings = {
				ALWAYS_SEARCH_USER_PATHS = NO;
				CLANG_ANALYZER_NONNULL = YES;
				CLANG_ANALYZER_NUMBER_OBJECT_CONVERSION = YES_AGGRESSIVE;
				CLANG_CXX_LANGUAGE_STANDARD = "gnu++14";
				CLANG_CXX_LIBRARY = "libc++";
				CLANG_ENABLE_MODULES = YES;
				CLANG_ENABLE_OBJC_ARC = YES;
				CLANG_ENABLE_OBJC_WEAK = YES;
				CLANG_WARN_BLOCK_CAPTURE_AUTORELEASING = YES;
				CLANG_WARN_BOOL_CONVERSION = YES;
				CLANG_WARN_COMMA = YES;
				CLANG_WARN_CONSTANT_CONVERSION = YES;
				CLANG_WARN_DEPRECATED_OBJC_IMPLEMENTATIONS = YES;
				CLANG_WARN_DIRECT_OBJC_ISA_USAGE = YES_ERROR;
				CLANG_WARN_DOCUMENTATION_COMMENTS = YES;
				CLANG_WARN_EMPTY_BODY = YES;
				CLANG_WARN_ENUM_CONVERSION = YES;
				CLANG_WARN_INFINITE_RECURSION = YES;
				CLANG_WARN_INT_CONVERSION = YES;
				CLANG_WARN_NON_LITERAL_NULL_CONVERSION = YES;
				CLANG_WARN_OBJC_IMPLICIT_RETAIN_SELF = YES;
				CLANG_WARN_OBJC_LITERAL_CONVERSION = YES;
				CLANG_WARN_OBJC_ROOT_CLASS = YES_ERROR;
				CLANG_WARN_RANGE_LOOP_ANALYSIS = YES;
				CLANG_WARN_STRICT_PROTOTYPES = YES;
				CLANG_WARN_SUSPICIOUS_MOVE = YES;
				CLANG_WARN_UNGUARDED_AVAILABILITY = YES_AGGRESSIVE;
				CLANG_WARN_UNREACHABLE_CODE = YES;
				CLANG_WARN__DUPLICATE_METHOD_MATCH = YES;
				CODE_SIGN_IDENTITY = "iPhone Developer";
				COPY_PHASE_STRIP = NO;
				DEBUG_INFORMATION_FORMAT = "dwarf-with-dsym";
				ENABLE_NS_ASSERTIONS = NO;
				ENABLE_STRICT_OBJC_MSGSEND = YES;
				GCC_C_LANGUAGE_STANDARD = gnu11;
				GCC_NO_COMMON_BLOCKS = YES;
				GCC_WARN_64_TO_32_BIT_CONVERSION = YES;
				GCC_WARN_ABOUT_RETURN_TYPE = YES_ERROR;
				GCC_WARN_UNDECLARED_SELECTOR = YES;
				GCC_WARN_UNINITIALIZED_AUTOS = YES_AGGRESSIVE;
				GCC_WARN_UNUSED_FUNCTION = YES;
				GCC_WARN_UNUSED_VARIABLE = YES;
				IPHONEOS_DEPLOYMENT_TARGET = 12.0;
				MTL_ENABLE_DEBUG_INFO = NO;
				MTL_FAST_MATH = YES;
				SDKROOT = iphoneos;
				SWIFT_COMPILATION_MODE = wholemodule;
				SWIFT_OPTIMIZATION_LEVEL = "-O";
				VALIDATE_PRODUCT = YES;
			};
			name = Release;
		};
		EA2F67F32153675F005964AE /* Debug */ = {
			isa = XCBuildConfiguration;
			baseConfigurationReference = 3E7FC46899AD31B65D9E8574 /* Pods-AutoLayoutDemo.debug.xcconfig */;
			buildSettings = {
				ASSETCATALOG_COMPILER_APPICON_NAME = AppIcon;
				CODE_SIGN_STYLE = Automatic;
				DEVELOPMENT_TEAM = 8436A3G9R2;
				INFOPLIST_FILE = AutoLayoutDemo/Info.plist;
				LD_RUNPATH_SEARCH_PATHS = (
					"$(inherited)",
					"@executable_path/Frameworks",
				);
				PRODUCT_BUNDLE_IDENTIFIER = ALD.AutoLayoutDemo.home;
				PRODUCT_NAME = "$(TARGET_NAME)";
				SWIFT_VERSION = 4.2;
				TARGETED_DEVICE_FAMILY = "1,2";
			};
			name = Debug;
		};
		EA2F67F42153675F005964AE /* Release */ = {
			isa = XCBuildConfiguration;
			baseConfigurationReference = 22E2E0D2B60201442C857C2D /* Pods-AutoLayoutDemo.release.xcconfig */;
			buildSettings = {
				ASSETCATALOG_COMPILER_APPICON_NAME = AppIcon;
				CODE_SIGN_STYLE = Automatic;
				DEVELOPMENT_TEAM = 8436A3G9R2;
				INFOPLIST_FILE = AutoLayoutDemo/Info.plist;
				LD_RUNPATH_SEARCH_PATHS = (
					"$(inherited)",
					"@executable_path/Frameworks",
				);
				PRODUCT_BUNDLE_IDENTIFIER = ALD.AutoLayoutDemo.home;
				PRODUCT_NAME = "$(TARGET_NAME)";
				SWIFT_VERSION = 4.2;
				TARGETED_DEVICE_FAMILY = "1,2";
			};
			name = Release;
		};
		EA2F67F62153675F005964AE /* Debug */ = {
			isa = XCBuildConfiguration;
			baseConfigurationReference = 8EAA26F73983D1B0E0A08677 /* Pods-AutoLayoutDemoTests.debug.xcconfig */;
			buildSettings = {
				ALWAYS_EMBED_SWIFT_STANDARD_LIBRARIES = YES;
				BUNDLE_LOADER = "$(TEST_HOST)";
				CODE_SIGN_STYLE = Automatic;
				DEVELOPMENT_TEAM = S5KTHAH6J3;
				INFOPLIST_FILE = AutoLayoutDemoTests/Info.plist;
				LD_RUNPATH_SEARCH_PATHS = (
					"$(inherited)",
					"@executable_path/Frameworks",
					"@loader_path/Frameworks",
				);
				PRODUCT_BUNDLE_IDENTIFIER = ALD.AutoLayoutDemoTests;
				PRODUCT_NAME = "$(TARGET_NAME)";
				SWIFT_VERSION = 4.2;
				TARGETED_DEVICE_FAMILY = "1,2";
				TEST_HOST = "$(BUILT_PRODUCTS_DIR)/AutoLayoutDemo.app/AutoLayoutDemo";
			};
			name = Debug;
		};
		EA2F67F72153675F005964AE /* Release */ = {
			isa = XCBuildConfiguration;
			baseConfigurationReference = C2DF71502393268DA91667C8 /* Pods-AutoLayoutDemoTests.release.xcconfig */;
			buildSettings = {
				ALWAYS_EMBED_SWIFT_STANDARD_LIBRARIES = YES;
				BUNDLE_LOADER = "$(TEST_HOST)";
				CODE_SIGN_STYLE = Automatic;
				DEVELOPMENT_TEAM = S5KTHAH6J3;
				INFOPLIST_FILE = AutoLayoutDemoTests/Info.plist;
				LD_RUNPATH_SEARCH_PATHS = (
					"$(inherited)",
					"@executable_path/Frameworks",
					"@loader_path/Frameworks",
				);
				PRODUCT_BUNDLE_IDENTIFIER = ALD.AutoLayoutDemoTests;
				PRODUCT_NAME = "$(TARGET_NAME)";
				SWIFT_VERSION = 4.2;
				TARGETED_DEVICE_FAMILY = "1,2";
				TEST_HOST = "$(BUILT_PRODUCTS_DIR)/AutoLayoutDemo.app/AutoLayoutDemo";
			};
			name = Release;
		};
		EA2F67F92153675F005964AE /* Debug */ = {
			isa = XCBuildConfiguration;
			baseConfigurationReference = 8BAB15111043E94E16F99894 /* Pods-AutoLayoutDemoUITests.debug.xcconfig */;
			buildSettings = {
				ALWAYS_EMBED_SWIFT_STANDARD_LIBRARIES = YES;
				CODE_SIGN_STYLE = Automatic;
				DEVELOPMENT_TEAM = S5KTHAH6J3;
				INFOPLIST_FILE = AutoLayoutDemoUITests/Info.plist;
				LD_RUNPATH_SEARCH_PATHS = (
					"$(inherited)",
					"@executable_path/Frameworks",
					"@loader_path/Frameworks",
				);
				PRODUCT_BUNDLE_IDENTIFIER = ALD.AutoLayoutDemoUITests;
				PRODUCT_NAME = "$(TARGET_NAME)";
				SWIFT_VERSION = 4.2;
				TARGETED_DEVICE_FAMILY = "1,2";
				TEST_TARGET_NAME = AutoLayoutDemo;
			};
			name = Debug;
		};
		EA2F67FA2153675F005964AE /* Release */ = {
			isa = XCBuildConfiguration;
			baseConfigurationReference = 9FC2CA42E452A0658287419C /* Pods-AutoLayoutDemoUITests.release.xcconfig */;
			buildSettings = {
				ALWAYS_EMBED_SWIFT_STANDARD_LIBRARIES = YES;
				CODE_SIGN_STYLE = Automatic;
				DEVELOPMENT_TEAM = S5KTHAH6J3;
				INFOPLIST_FILE = AutoLayoutDemoUITests/Info.plist;
				LD_RUNPATH_SEARCH_PATHS = (
					"$(inherited)",
					"@executable_path/Frameworks",
					"@loader_path/Frameworks",
				);
				PRODUCT_BUNDLE_IDENTIFIER = ALD.AutoLayoutDemoUITests;
				PRODUCT_NAME = "$(TARGET_NAME)";
				SWIFT_VERSION = 4.2;
				TARGETED_DEVICE_FAMILY = "1,2";
				TEST_TARGET_NAME = AutoLayoutDemo;
			};
			name = Release;
		};
/* End XCBuildConfiguration section */

/* Begin XCConfigurationList section */
		EA2F67C52153675D005964AE /* Build configuration list for PBXProject "AutoLayoutDemo" */ = {
			isa = XCConfigurationList;
			buildConfigurations = (
				EA2F67F02153675F005964AE /* Debug */,
				EA2F67F12153675F005964AE /* Release */,
			);
			defaultConfigurationIsVisible = 0;
			defaultConfigurationName = Release;
		};
		EA2F67F22153675F005964AE /* Build configuration list for PBXNativeTarget "AutoLayoutDemo" */ = {
			isa = XCConfigurationList;
			buildConfigurations = (
				EA2F67F32153675F005964AE /* Debug */,
				EA2F67F42153675F005964AE /* Release */,
			);
			defaultConfigurationIsVisible = 0;
			defaultConfigurationName = Release;
		};
		EA2F67F52153675F005964AE /* Build configuration list for PBXNativeTarget "AutoLayoutDemoTests" */ = {
			isa = XCConfigurationList;
			buildConfigurations = (
				EA2F67F62153675F005964AE /* Debug */,
				EA2F67F72153675F005964AE /* Release */,
			);
			defaultConfigurationIsVisible = 0;
			defaultConfigurationName = Release;
		};
		EA2F67F82153675F005964AE /* Build configuration list for PBXNativeTarget "AutoLayoutDemoUITests" */ = {
			isa = XCConfigurationList;
			buildConfigurations = (
				EA2F67F92153675F005964AE /* Debug */,
				EA2F67FA2153675F005964AE /* Release */,
			);
			defaultConfigurationIsVisible = 0;
			defaultConfigurationName = Release;
		};
/* End XCConfigurationList section */
	};
	rootObject = EA2F67C22153675D005964AE /* Project object */;
}
